
Microsoft Visual Studio Solution File, Format Version 12.00
# Visual Studio Version 16
VisualStudioVersion = 16.0.31702.278
MinimumVisualStudioVersion = 10.0.40219.1
Project("{FAE04EC0-301F-11D3-BF4B-00C04F79EFBC}") = "PRG281_Project", "PRG281_Project.csproj", "{44633CFA-C1EC-4604-99C3-31C6DD057775}"
EndProject
Global
	GlobalSection(SolutionConfigurationPlatforms) = preSolution
		Debug|Any CPU = Debug|Any CPU
		Release|Any CPU = Release|Any CPU
	EndGlobalSection
	GlobalSection(ProjectConfigurationPlatforms) = postSolution
		{44633CFA-C1EC-4604-99C3-31C6DD057775}.Debug|Any CPU.ActiveCfg = Debug|Any CPU
		{44633CFA-C1EC-4604-99C3-31C6DD057775}.Debug|Any CPU.Build.0 = Debug|Any CPU
		{44633CFA-C1EC-4604-99C3-31C6DD057775}.Release|Any CPU.ActiveCfg = Release|Any CPU
		{44633CFA-C1EC-4604-99C3-31C6DD057775}.Release|Any CPU.Build.0 = Release|Any CPU
	EndGlobalSection
	GlobalSection(SolutionProperties) = preSolution
		HideSolutionNode = FALSE
	EndGlobalSection
	GlobalSection(ExtensibilityGlobals) = postSolution
		SolutionGuid = {3DCB4E1F-2A65-4198-AA85-F2DE5EB6DFAA}
	EndGlobalSection
EndGlobal
